{
  "name": "butter",
  "version": "1.0.0",
  "lockfileVersion": 1,
  "requires": true,
  "dependencies": {
    "7zip-bin": {
      "version": "5.0.3",
      "resolved": "https://registry.npmjs.org/7zip-bin/-/7zip-bin-5.0.3.tgz",
      "integrity": "sha512-GLyWIFBbGvpKPGo55JyRZAo4lVbnBiD52cKlw/0Vt+wnmKvWJkpZvsjVoaIolyBXDeAQKSicRtqFNPem9w0WYA=="
    },
    "@m59/remove-directory": {
      "version": "0.1.2",
      "resolved": "https://registry.npmjs.org/@m59/remove-directory/-/remove-directory-0.1.2.tgz",
      "integrity": "sha512-tv8pHp9GkZfq55P3l+oQyy8isx5mFyelpx51eaeCZXZZON6qgalweGHTbL2XEX6fe1qf7f2SUeT/8G8EwQY0fg=="
    },
    "@m59/use-tmp-dir": {
      "version": "0.1.3",
      "resolved": "https://registry.npmjs.org/@m59/use-tmp-dir/-/use-tmp-dir-0.1.3.tgz",
      "integrity": "sha512-O8S3aJw0cLt1Y+BBlfYyM357zlne7gD0ptf7uOjaHFIR/jIDOB1Dlb3dIQoOuER67eCH3ms1hzDnETT0EQAwJQ==",
      "requires": {
        "@m59/remove-directory": "^0.1.2",
        "ulid": "^2.3.0"
      }
    },
    "at-least-node": {
      "version": "1.0.0",
      "resolved": "https://registry.npmjs.org/at-least-node/-/at-least-node-1.0.0.tgz",
      "integrity": "sha512-+q/t7Ekv1EDY2l6Gda6LLiX14rU9TV20Wa3ofeQmwPFZbOMo9DXrLbOjFaaclkXKWidIaopwAObQDqwWtGUjqg=="
    },
    "fast-xml-parser": {
      "version": "3.17.4",
      "resolved": "https://registry.npmjs.org/fast-xml-parser/-/fast-xml-parser-3.17.4.tgz",
      "integrity": "sha512-qudnQuyYBgnvzf5Lj/yxMcf4L9NcVWihXJg7CiU1L+oUCq8MUnFEfH2/nXR/W5uq+yvUN1h7z6s7vs2v1WkL1A=="
    },
    "fs-extra": {
      "version": "9.0.1",
      "resolved": "https://registry.npmjs.org/fs-extra/-/fs-extra-9.0.1.tgz",
      "integrity": "sha512-h2iAoN838FqAFJY2/qVpzFXy+EBxfVE220PalAqQLDVsFOHLJrZvut5puAbCdNv6WJk+B8ihI+k0c7JK5erwqQ==",
      "requires": {
        "at-least-node": "^1.0.0",
        "graceful-fs": "^4.2.0",
        "jsonfile": "^6.0.1",
        "universalify": "^1.0.0"
      }
    },
    "graceful-fs": {
      "version": "4.2.4",
      "resolved": "https://registry.npmjs.org/graceful-fs/-/graceful-fs-4.2.4.tgz",
      "integrity": "sha512-WjKPNJF79dtJAVniUlGGWHYGz2jWxT6VhN/4m1NdkbZ2nOsEF+cI1Edgql5zCRhs/VsQYRvrXctxktVXZUkixw=="
    },
    "he": {
      "version": "1.2.0",
      "resolved": "https://registry.npmjs.org/he/-/he-1.2.0.tgz",
      "integrity": "sha512-F/1DnUGPopORZi0ni+CvrCgHQ5FyEAHRLSApuYWMmrbSwoN2Mn/7k+Gl38gJnR7yyDZk6WLXwiGod1JOWNDKGw=="
    },
    "jsonfile": {
      "version": "6.0.1",
      "resolved": "https://registry.npmjs.org/jsonfile/-/jsonfile-6.0.1.tgz",
      "integrity": "sha512-jR2b5v7d2vIOust+w3wtFKZIfpC2pnRmFAhAC/BuweZFQR8qZzxH1OyrQ10HmdVYiXWkYUqPVsz91cG7EL2FBg==",
      "requires": {
        "graceful-fs": "^4.1.6",
        "universalify": "^1.0.0"
      }
    },
    "mri": {
      "version": "1.1.6",
      "resolved": "https://registry.npmjs.org/mri/-/mri-1.1.6.tgz",
      "integrity": "sha512-oi1b3MfbyGa7FJMP9GmLTttni5JoICpYBRlq+x5V16fZbLsnL9N3wFqqIm/nIG43FjUFkFh9Epzp/kzUGUnJxQ=="
    },
    "promisify-child-process": {
      "version": "4.1.1",
      "resolved": "https://registry.npmjs.org/promisify-child-process/-/promisify-child-process-4.1.1.tgz",
      "integrity": "sha512-/sRjHZwoXf1rJ+8s4oWjYjGRVKNK1DUnqfRC1Zek18pl0cN6k3yJ1cCbqd0tWNe4h0Gr+SY4vR42N33+T82WkA=="
    },
    "ramda": {
      "version": "0.27.0",
      "resolved": "https://registry.npmjs.org/ramda/-/ramda-0.27.0.tgz",
      "integrity": "sha512-pVzZdDpWwWqEVVLshWUHjNwuVP7SfcmPraYuqocJp1yo2U1R7P+5QAfDhdItkuoGqIBnBYrtPp7rEPqDn9HlZA=="
    },
    "regex-fun": {
      "version": "2.0.2",
      "resolved": "https://registry.npmjs.org/regex-fun/-/regex-fun-2.0.2.tgz",
      "integrity": "sha512-QG/HjMuNfEHLJgj7hgGxYKRDpiDJJRWbJPSK4bO9xxRMcwgVvLqGssytQEuM7gc5yIDFWsgmtr1B/4yAqyai8A=="
    },
    "sade": {
      "version": "1.7.3",
      "resolved": "https://registry.npmjs.org/sade/-/sade-1.7.3.tgz",
      "integrity": "sha512-m4BctppMvJ60W1dXnHq7jMmFe3hPJZDAH85kQ3ACTo7XZNVUuTItCQ+2HfyaMeV5cKrbw7l4vD/6We3GBxvdJw==",
      "requires": {
        "mri": "^1.1.0"
      }
    },
    "ulid": {
      "version": "2.3.0",
      "resolved": "https://registry.npmjs.org/ulid/-/ulid-2.3.0.tgz",
      "integrity": "sha512-keqHubrlpvT6G2wH0OEfSW4mquYRcbe/J8NMmveoQOjUqmo+hXtO+ORCpWhdbZ7k72UtY61BL7haGxW6enBnjw=="
    },
    "universalify": {
      "version": "1.0.0",
      "resolved": "https://registry.npmjs.org/universalify/-/universalify-1.0.0.tgz",
      "integrity": "sha512-rb6X1W158d7pRQBg5gkR8uPaSfiids68LTJQYOtEUhoJUWBdaQHsuT/EUduxXYxcrt4r5PJ4fuHW1MHT6p0qug=="
    }
  }
}
